
Microsoft Visual Studio Solution File, Format Version 12.00
# Visual Studio Version 17
VisualStudioVersion = 17.10.34916.146
MinimumVisualStudioVersion = 10.0.40219.1
Project("{FAE04EC0-301F-11D3-BF4B-00C04F79EFBC}") = "NumMayor6011464", "NumMayor6011464\NumMayor6011464.csproj", "{99B28143-5896-498E-AF34-B13F79C52B4A}"
EndProject
Global
	GlobalSection(SolutionConfigurationPlatforms) = preSolution
		Debug|Any CPU = Debug|Any CPU
		Release|Any CPU = Release|Any CPU
	EndGlobalSection
	GlobalSection(ProjectConfigurationPlatforms) = postSolution
		{99B28143-5896-498E-AF34-B13F79C52B4A}.Debug|Any CPU.ActiveCfg = Debug|Any CPU
		{99B28143-5896-498E-AF34-B13F79C52B4A}.Debug|Any CPU.Build.0 = Debug|Any CPU
		{99B28143-5896-498E-AF34-B13F79C52B4A}.Debug|Any CPU.Deploy.0 = Debug|Any CPU
		{99B28143-5896-498E-AF34-B13F79C52B4A}.Release|Any CPU.ActiveCfg = Release|Any CPU
		{99B28143-5896-498E-AF34-B13F79C52B4A}.Release|Any CPU.Build.0 = Release|Any CPU
		{99B28143-5896-498E-AF34-B13F79C52B4A}.Release|Any CPU.Deploy.0 = Release|Any CPU
	EndGlobalSection
	GlobalSection(SolutionProperties) = preSolution
		HideSolutionNode = FALSE
	EndGlobalSection
	GlobalSection(ExtensibilityGlobals) = postSolution
		SolutionGuid = {9B252E2B-3CEB-42DA-A038-9E81562B74B8}
	EndGlobalSection
EndGlobal
